
Microsoft Visual Studio Solution File, Format Version 11.00
# Visual Studio 2010
Project("{FAE04EC0-301F-11D3-BF4B-00C04F79EFBC}") = "Unity.Timeline", "Unity.Timeline.csproj", "{61cb3120-a5e7-1984-c841-47fd77ec67c5}"
EndProject
Project("{FAE04EC0-301F-11D3-BF4B-00C04F79EFBC}") = "Unity.Timeline.Editor", "Unity.Timeline.Editor.csproj", "{80e4a2a5-63f4-80fe-10f4-fc692ee9c2e2}"
EndProject
Project("{FAE04EC0-301F-11D3-BF4B-00C04F79EFBC}") = "Unity.TextMeshPro.Editor", "Unity.TextMeshPro.Editor.csproj", "{ee15dd4d-875f-b6bb-2f7b-cd078445f782}"
EndProject
Project("{FAE04EC0-301F-11D3-BF4B-00C04F79EFBC}") = "Unity.VisualScripting.Flow", "Unity.VisualScripting.Flow.csproj", "{f4ab4143-ed21-17f9-df26-e6a36827373c}"
EndProject
Project("{FAE04EC0-301F-11D3-BF4B-00C04F79EFBC}") = "UnityEditor.UI", "UnityEditor.UI.csproj", "{0e19e11e-c724-0408-308c-9d336ec3d0d3}"
EndProject
Project("{FAE04EC0-301F-11D3-BF4B-00C04F79EFBC}") = "Unity.PlasticSCM.Editor", "Unity.PlasticSCM.Editor.csproj", "{040f4b8a-6649-54b9-d64d-6fa0826e8901}"
EndProject
Project("{FAE04EC0-301F-11D3-BF4B-00C04F79EFBC}") = "Unity.VisualScripting.Core", "Unity.VisualScripting.Core.csproj", "{2ed6a1e3-f471-47c3-192f-6b5a9798a4f4}"
EndProject
Project("{FAE04EC0-301F-11D3-BF4B-00C04F79EFBC}") = "Unity.VisualScripting.Core.Editor", "Unity.VisualScripting.Core.Editor.csproj", "{55869a02-bdaa-e14b-f2ec-1425213b5ee0}"
EndProject
Project("{FAE04EC0-301F-11D3-BF4B-00C04F79EFBC}") = "Unity.VisualScripting.Flow.Editor", "Unity.VisualScripting.Flow.Editor.csproj", "{f1aa554f-8729-365a-62ca-65995c4bafe4}"
EndProject
Project("{FAE04EC0-301F-11D3-BF4B-00C04F79EFBC}") = "UnityEditor.TestRunner", "UnityEditor.TestRunner.csproj", "{b3fe7047-f373-10d3-4dca-1f2d0a7d2c3a}"
EndProject
Project("{FAE04EC0-301F-11D3-BF4B-00C04F79EFBC}") = "Unity.VisualScripting.SettingsProvider.Editor", "Unity.VisualScripting.SettingsProvider.Editor.csproj", "{c545be46-5176-1b88-9de8-630a2cded87e}"
EndProject
Project("{FAE04EC0-301F-11D3-BF4B-00C04F79EFBC}") = "UnityEngine.TestRunner", "UnityEngine.TestRunner.csproj", "{bbfe28c5-8d28-e032-8863-a374f03569fd}"
EndProject
Project("{FAE04EC0-301F-11D3-BF4B-00C04F79EFBC}") = "UnityEngine.UI", "UnityEngine.UI.csproj", "{bfe95e84-5d2d-6820-c4b1-30686af1fee6}"
EndProject
Project("{FAE04EC0-301F-11D3-BF4B-00C04F79EFBC}") = "Unity.AI.Navigation.Editor", "Unity.AI.Navigation.Editor.csproj", "{1872a73e-be28-3221-1a18-e9812eff0a78}"
EndProject
Project("{FAE04EC0-301F-11D3-BF4B-00C04F79EFBC}") = "Unity.VisualStudio.Editor", "Unity.VisualStudio.Editor.csproj", "{ddcdb058-30fb-f14c-f8fd-d4a4a540ab07}"
EndProject
Project("{FAE04EC0-301F-11D3-BF4B-00C04F79EFBC}") = "Unity.TestTools.CodeCoverage.Editor.OpenCover.Model", "Unity.TestTools.CodeCoverage.Editor.OpenCover.Model.csproj", "{109defc4-378a-0636-0b00-3b8177bdca0e}"
EndProject
Project("{FAE04EC0-301F-11D3-BF4B-00C04F79EFBC}") = "Unity.Rider.Editor", "Unity.Rider.Editor.csproj", "{b2bab1d1-63aa-9dc1-0e89-99d240cdb0b3}"
EndProject
Project("{FAE04EC0-301F-11D3-BF4B-00C04F79EFBC}") = "Unity.AI.Navigation", "Unity.AI.Navigation.csproj", "{b4e5f0c5-a18f-6f6a-a4d5-f3e75357b8cf}"
EndProject
Project("{FAE04EC0-301F-11D3-BF4B-00C04F79EFBC}") = "Unity.AI.Navigation.Editor.ConversionSystem", "Unity.AI.Navigation.Editor.ConversionSystem.csproj", "{a2961999-77cf-6fba-23b8-507ab9f410b4}"
EndProject
Project("{FAE04EC0-301F-11D3-BF4B-00C04F79EFBC}") = "Unity.VisualScripting.State.Editor", "Unity.VisualScripting.State.Editor.csproj", "{597527b8-a4b9-8965-7299-aa96663c2687}"
EndProject
Project("{FAE04EC0-301F-11D3-BF4B-00C04F79EFBC}") = "Unity.TestTools.CodeCoverage.Editor", "Unity.TestTools.CodeCoverage.Editor.csproj", "{f13f5cd8-33d9-3ec2-79c3-e6cddc9a0903}"
EndProject
Project("{FAE04EC0-301F-11D3-BF4B-00C04F79EFBC}") = "Unity.VisualScripting.State", "Unity.VisualScripting.State.csproj", "{87207d2c-8988-4a2a-cc8e-dbd680ac0978}"
EndProject
Project("{FAE04EC0-301F-11D3-BF4B-00C04F79EFBC}") = "Unity.TextMeshPro", "Unity.TextMeshPro.csproj", "{b9087dcc-0a28-558d-fb9b-b860d34cc830}"
EndProject
Project("{FAE04EC0-301F-11D3-BF4B-00C04F79EFBC}") = "Unity.Performance.Profile-Analyzer.Editor", "Unity.Performance.Profile-Analyzer.Editor.csproj", "{51e36071-e2f7-009b-c28c-ae1f4ec0998a}"
EndProject
Project("{FAE04EC0-301F-11D3-BF4B-00C04F79EFBC}") = "Unity.VSCode.Editor", "Unity.VSCode.Editor.csproj", "{2876ccfc-d89f-fee2-6ceb-7807c7673d35}"
EndProject
Project("{FAE04EC0-301F-11D3-BF4B-00C04F79EFBC}") = "Unity.TestTools.CodeCoverage.Editor.OpenCover.Mono.Reflection", "Unity.TestTools.CodeCoverage.Editor.OpenCover.Mono.Reflection.csproj", "{0b83cf82-0122-4ea9-f964-5cd80ac890f0}"
EndProject
Project("{FAE04EC0-301F-11D3-BF4B-00C04F79EFBC}") = "Unity.AI.Navigation.Updater", "Unity.AI.Navigation.Updater.csproj", "{be2fb78e-de88-4fc6-c3ac-65d6be0a9e59}"
EndProject
Project("{FAE04EC0-301F-11D3-BF4B-00C04F79EFBC}") = "Unity.Settings.Editor", "Unity.Settings.Editor.csproj", "{865c1b5f-219e-2f54-8bfd-e1ceb4a9f6cb}"
EndProject
Project("{FAE04EC0-301F-11D3-BF4B-00C04F79EFBC}") = "Assembly-CSharp", "Assembly-CSharp.csproj", "{8dbc13a5-7d6a-c5d6-eebe-d27cf600d276}"
EndProject
Project("{FAE04EC0-301F-11D3-BF4B-00C04F79EFBC}") = "Unity.EditorCoroutines.Editor", "Unity.EditorCoroutines.Editor.csproj", "{270e3593-b862-2faa-4076-43b58504fc84}"
EndProject
Project("{FAE04EC0-301F-11D3-BF4B-00C04F79EFBC}") = "Unity.VisualScripting.Shared.Editor", "Unity.VisualScripting.Shared.Editor.csproj", "{dbc1928c-9693-c931-15b5-c0c894e96139}"
EndProject
Project("{FAE04EC0-301F-11D3-BF4B-00C04F79EFBC}") = "Unity.CollabProxy.Editor", "Unity.CollabProxy.Editor.csproj", "{f7574882-1500-d45f-aac2-c55e907c7f24}"
EndProject
Project("{FAE04EC0-301F-11D3-BF4B-00C04F79EFBC}") = "Unity.Timeline", "Unity.Timeline.Player.csproj", "{87f8ee94-df34-0638-4291-ea76f53eeba8}"
EndProject
Project("{FAE04EC0-301F-11D3-BF4B-00C04F79EFBC}") = "Unity.VisualScripting.Flow", "Unity.VisualScripting.Flow.Player.csproj", "{7ebc9d6b-a924-b76b-babb-1e9e9f16d86f}"
EndProject
Project("{FAE04EC0-301F-11D3-BF4B-00C04F79EFBC}") = "Unity.VisualScripting.Core", "Unity.VisualScripting.Core.Player.csproj", "{ca208b3f-4988-17c3-bdc3-deab5fbc8384}"
EndProject
Project("{FAE04EC0-301F-11D3-BF4B-00C04F79EFBC}") = "UnityEngine.TestRunner", "UnityEngine.TestRunner.Player.csproj", "{fbdb6719-5a29-7627-f6cd-4f0fb9791205}"
EndProject
Project("{FAE04EC0-301F-11D3-BF4B-00C04F79EFBC}") = "UnityEngine.UI", "UnityEngine.UI.Player.csproj", "{eebdbbb3-dd47-5515-63bd-ad1ba97040f3}"
EndProject
Project("{FAE04EC0-301F-11D3-BF4B-00C04F79EFBC}") = "Unity.AI.Navigation", "Unity.AI.Navigation.Player.csproj", "{5f046aa0-4eb9-d28b-c243-21d8aafc1f44}"
EndProject
Project("{FAE04EC0-301F-11D3-BF4B-00C04F79EFBC}") = "Unity.VisualScripting.State", "Unity.VisualScripting.State.Player.csproj", "{f9611ecc-5c67-e591-2e1a-0854daa34e5f}"
EndProject
Project("{FAE04EC0-301F-11D3-BF4B-00C04F79EFBC}") = "Unity.TextMeshPro", "Unity.TextMeshPro.Player.csproj", "{85f548f4-2910-c885-cc63-ef5007046ccc}"
EndProject
Project("{FAE04EC0-301F-11D3-BF4B-00C04F79EFBC}") = "Assembly-CSharp", "Assembly-CSharp.Player.csproj", "{902bce3a-5bc3-fe5b-a40b-69b477ad26d7}"
EndProject
Project("{FAE04EC0-301F-11D3-BF4B-00C04F79EFBC}") = "UnityEngine.UI.Tests", "UnityEngine.UI.Tests.csproj", "{0503cdf1-3029-9b13-30e1-c2b30a93c2b3}"
EndProject
Project("{FAE04EC0-301F-11D3-BF4B-00C04F79EFBC}") = "Assembly-CSharp-Editor", "Assembly-CSharp-Editor.csproj", "{6fba28b7-4abb-b966-57a2-597cad6a31b0}"
EndProject
Project("{FAE04EC0-301F-11D3-BF4B-00C04F79EFBC}") = "UnityEditor.UI.EditorTests", "UnityEditor.UI.EditorTests.csproj", "{5979f15d-9bf4-44c6-f6a7-4e713f054eca}"
EndProject
Project("{FAE04EC0-301F-11D3-BF4B-00C04F79EFBC}") = "Unity.TextMeshPro.Tests", "Unity.TextMeshPro.Tests.csproj", "{a78cfb9e-1ba5-f28a-bc95-460e508a8550}"
EndProject
Project("{FAE04EC0-301F-11D3-BF4B-00C04F79EFBC}") = "DocCodeExamples", "DocCodeExamples.csproj", "{9229ba97-0960-6230-a8f1-244aab300374}"
EndProject
Project("{FAE04EC0-301F-11D3-BF4B-00C04F79EFBC}") = "Unity.AI.Navigation.Tests", "Unity.AI.Navigation.Tests.csproj", "{51a59266-e15a-2b4a-6934-1bd8e7121d7b}"
EndProject
Project("{FAE04EC0-301F-11D3-BF4B-00C04F79EFBC}") = "Unity.TestTools.CodeCoverage.Editor.Compatibility", "Unity.TestTools.CodeCoverage.Editor.Compatibility.csproj", "{48c320b2-fdf2-5335-0172-76f060c23332}"
EndProject
Project("{FAE04EC0-301F-11D3-BF4B-00C04F79EFBC}") = "Unity.TextMeshPro.Editor.Tests", "Unity.TextMeshPro.Editor.Tests.csproj", "{a069a167-c909-74ee-6ebb-eb6c74c58eb7}"
EndProject
Project("{FAE04EC0-301F-11D3-BF4B-00C04F79EFBC}") = "Unity.Settings.Tests", "Unity.Settings.Tests.csproj", "{98e1ec6d-0bbb-f12e-1837-520ccc8b1aa8}"
EndProject
Project("{FAE04EC0-301F-11D3-BF4B-00C04F79EFBC}") = "Unity.AI.Navigation.Editor.Tests", "Unity.AI.Navigation.Editor.Tests.csproj", "{a1d1688a-e2eb-98e9-a370-98d8e67e8017}"
EndProject
Project("{FAE04EC0-301F-11D3-BF4B-00C04F79EFBC}") = "Unity.Performance.Profile-Analyzer.EditorTests", "Unity.Performance.Profile-Analyzer.EditorTests.csproj", "{67e74b8c-45f8-1adc-aecf-34877aa97679}"
EndProject
Global
	GlobalSection(SolutionConfigurationPlatforms) = preSolution
		Debug|Any CPU = Debug|Any CPU
	EndGlobalSection
	GlobalSection(ProjectConfigurationPlatforms) = postSolution
		{61cb3120-a5e7-1984-c841-47fd77ec67c5}.Debug|Any CPU.ActiveCfg = Debug|Any CPU
		{61cb3120-a5e7-1984-c841-47fd77ec67c5}.Debug|Any CPU.Build.0 = Debug|Any CPU
		{80e4a2a5-63f4-80fe-10f4-fc692ee9c2e2}.Debug|Any CPU.ActiveCfg = Debug|Any CPU
		{80e4a2a5-63f4-80fe-10f4-fc692ee9c2e2}.Debug|Any CPU.Build.0 = Debug|Any CPU
		{ee15dd4d-875f-b6bb-2f7b-cd078445f782}.Debug|Any CPU.ActiveCfg = Debug|Any CPU
		{ee15dd4d-875f-b6bb-2f7b-cd078445f782}.Debug|Any CPU.Build.0 = Debug|Any CPU
		{f4ab4143-ed21-17f9-df26-e6a36827373c}.Debug|Any CPU.ActiveCfg = Debug|Any CPU
		{f4ab4143-ed21-17f9-df26-e6a36827373c}.Debug|Any CPU.Build.0 = Debug|Any CPU
		{0e19e11e-c724-0408-308c-9d336ec3d0d3}.Debug|Any CPU.ActiveCfg = Debug|Any CPU
		{0e19e11e-c724-0408-308c-9d336ec3d0d3}.Debug|Any CPU.Build.0 = Debug|Any CPU
		{040f4b8a-6649-54b9-d64d-6fa0826e8901}.Debug|Any CPU.ActiveCfg = Debug|Any CPU
		{040f4b8a-6649-54b9-d64d-6fa0826e8901}.Debug|Any CPU.Build.0 = Debug|Any CPU
		{2ed6a1e3-f471-47c3-192f-6b5a9798a4f4}.Debug|Any CPU.ActiveCfg = Debug|Any CPU
		{2ed6a1e3-f471-47c3-192f-6b5a9798a4f4}.Debug|Any CPU.Build.0 = Debug|Any CPU
		{55869a02-bdaa-e14b-f2ec-1425213b5ee0}.Debug|Any CPU.ActiveCfg = Debug|Any CPU
		{55869a02-bdaa-e14b-f2ec-1425213b5ee0}.Debug|Any CPU.Build.0 = Debug|Any CPU
		{f1aa554f-8729-365a-62ca-65995c4bafe4}.Debug|Any CPU.ActiveCfg = Debug|Any CPU
		{f1aa554f-8729-365a-62ca-65995c4bafe4}.Debug|Any CPU.Build.0 = Debug|Any CPU
		{b3fe7047-f373-10d3-4dca-1f2d0a7d2c3a}.Debug|Any CPU.ActiveCfg = Debug|Any CPU
		{b3fe7047-f373-10d3-4dca-1f2d0a7d2c3a}.Debug|Any CPU.Build.0 = Debug|Any CPU
		{c545be46-5176-1b88-9de8-630a2cded87e}.Debug|Any CPU.ActiveCfg = Debug|Any CPU
		{c545be46-5176-1b88-9de8-630a2cded87e}.Debug|Any CPU.Build.0 = Debug|Any CPU
		{bbfe28c5-8d28-e032-8863-a374f03569fd}.Debug|Any CPU.ActiveCfg = Debug|Any CPU
		{bbfe28c5-8d28-e032-8863-a374f03569fd}.Debug|Any CPU.Build.0 = Debug|Any CPU
		{bfe95e84-5d2d-6820-c4b1-30686af1fee6}.Debug|Any CPU.ActiveCfg = Debug|Any CPU
		{bfe95e84-5d2d-6820-c4b1-30686af1fee6}.Debug|Any CPU.Build.0 = Debug|Any CPU
		{1872a73e-be28-3221-1a18-e9812eff0a78}.Debug|Any CPU.ActiveCfg = Debug|Any CPU
		{1872a73e-be28-3221-1a18-e9812eff0a78}.Debug|Any CPU.Build.0 = Debug|Any CPU
		{ddcdb058-30fb-f14c-f8fd-d4a4a540ab07}.Debug|Any CPU.ActiveCfg = Debug|Any CPU
		{ddcdb058-30fb-f14c-f8fd-d4a4a540ab07}.Debug|Any CPU.Build.0 = Debug|Any CPU
		{109defc4-378a-0636-0b00-3b8177bdca0e}.Debug|Any CPU.ActiveCfg = Debug|Any CPU
		{109defc4-378a-0636-0b00-3b8177bdca0e}.Debug|Any CPU.Build.0 = Debug|Any CPU
		{b2bab1d1-63aa-9dc1-0e89-99d240cdb0b3}.Debug|Any CPU.ActiveCfg = Debug|Any CPU
		{b2bab1d1-63aa-9dc1-0e89-99d240cdb0b3}.Debug|Any CPU.Build.0 = Debug|Any CPU
		{b4e5f0c5-a18f-6f6a-a4d5-f3e75357b8cf}.Debug|Any CPU.ActiveCfg = Debug|Any CPU
		{b4e5f0c5-a18f-6f6a-a4d5-f3e75357b8cf}.Debug|Any CPU.Build.0 = Debug|Any CPU
		{a2961999-77cf-6fba-23b8-507ab9f410b4}.Debug|Any CPU.ActiveCfg = Debug|Any CPU
		{a2961999-77cf-6fba-23b8-507ab9f410b4}.Debug|Any CPU.Build.0 = Debug|Any CPU
		{597527b8-a4b9-8965-7299-aa96663c2687}.Debug|Any CPU.ActiveCfg = Debug|Any CPU
		{597527b8-a4b9-8965-7299-aa96663c2687}.Debug|Any CPU.Build.0 = Debug|Any CPU
		{f13f5cd8-33d9-3ec2-79c3-e6cddc9a0903}.Debug|Any CPU.ActiveCfg = Debug|Any CPU
		{f13f5cd8-33d9-3ec2-79c3-e6cddc9a0903}.Debug|Any CPU.Build.0 = Debug|Any CPU
		{87207d2c-8988-4a2a-cc8e-dbd680ac0978}.Debug|Any CPU.ActiveCfg = Debug|Any CPU
		{87207d2c-8988-4a2a-cc8e-dbd680ac0978}.Debug|Any CPU.Build.0 = Debug|Any CPU
		{b9087dcc-0a28-558d-fb9b-b860d34cc830}.Debug|Any CPU.ActiveCfg = Debug|Any CPU
		{b9087dcc-0a28-558d-fb9b-b860d34cc830}.Debug|Any CPU.Build.0 = Debug|Any CPU
		{51e36071-e2f7-009b-c28c-ae1f4ec0998a}.Debug|Any CPU.ActiveCfg = Debug|Any CPU
		{51e36071-e2f7-009b-c28c-ae1f4ec0998a}.Debug|Any CPU.Build.0 = Debug|Any CPU
		{2876ccfc-d89f-fee2-6ceb-7807c7673d35}.Debug|Any CPU.ActiveCfg = Debug|Any CPU
		{2876ccfc-d89f-fee2-6ceb-7807c7673d35}.Debug|Any CPU.Build.0 = Debug|Any CPU
		{0b83cf82-0122-4ea9-f964-5cd80ac890f0}.Debug|Any CPU.ActiveCfg = Debug|Any CPU
		{0b83cf82-0122-4ea9-f964-5cd80ac890f0}.Debug|Any CPU.Build.0 = Debug|Any CPU
		{be2fb78e-de88-4fc6-c3ac-65d6be0a9e59}.Debug|Any CPU.ActiveCfg = Debug|Any CPU
		{be2fb78e-de88-4fc6-c3ac-65d6be0a9e59}.Debug|Any CPU.Build.0 = Debug|Any CPU
		{865c1b5f-219e-2f54-8bfd-e1ceb4a9f6cb}.Debug|Any CPU.ActiveCfg = Debug|Any CPU
		{865c1b5f-219e-2f54-8bfd-e1ceb4a9f6cb}.Debug|Any CPU.Build.0 = Debug|Any CPU
		{8dbc13a5-7d6a-c5d6-eebe-d27cf600d276}.Debug|Any CPU.ActiveCfg = Debug|Any CPU
		{8dbc13a5-7d6a-c5d6-eebe-d27cf600d276}.Debug|Any CPU.Build.0 = Debug|Any CPU
		{270e3593-b862-2faa-4076-43b58504fc84}.Debug|Any CPU.ActiveCfg = Debug|Any CPU
		{270e3593-b862-2faa-4076-43b58504fc84}.Debug|Any CPU.Build.0 = Debug|Any CPU
		{dbc1928c-9693-c931-15b5-c0c894e96139}.Debug|Any CPU.ActiveCfg = Debug|Any CPU
		{dbc1928c-9693-c931-15b5-c0c894e96139}.Debug|Any CPU.Build.0 = Debug|Any CPU
		{f7574882-1500-d45f-aac2-c55e907c7f24}.Debug|Any CPU.ActiveCfg = Debug|Any CPU
		{f7574882-1500-d45f-aac2-c55e907c7f24}.Debug|Any CPU.Build.0 = Debug|Any CPU
		{87f8ee94-df34-0638-4291-ea76f53eeba8}.Debug|Any CPU.ActiveCfg = Debug|Any CPU
		{87f8ee94-df34-0638-4291-ea76f53eeba8}.Debug|Any CPU.Build.0 = Debug|Any CPU
		{7ebc9d6b-a924-b76b-babb-1e9e9f16d86f}.Debug|Any CPU.ActiveCfg = Debug|Any CPU
		{7ebc9d6b-a924-b76b-babb-1e9e9f16d86f}.Debug|Any CPU.Build.0 = Debug|Any CPU
		{ca208b3f-4988-17c3-bdc3-deab5fbc8384}.Debug|Any CPU.ActiveCfg = Debug|Any CPU
		{ca208b3f-4988-17c3-bdc3-deab5fbc8384}.Debug|Any CPU.Build.0 = Debug|Any CPU
		{fbdb6719-5a29-7627-f6cd-4f0fb9791205}.Debug|Any CPU.ActiveCfg = Debug|Any CPU
		{fbdb6719-5a29-7627-f6cd-4f0fb9791205}.Debug|Any CPU.Build.0 = Debug|Any CPU
		{eebdbbb3-dd47-5515-63bd-ad1ba97040f3}.Debug|Any CPU.ActiveCfg = Debug|Any CPU
		{eebdbbb3-dd47-5515-63bd-ad1ba97040f3}.Debug|Any CPU.Build.0 = Debug|Any CPU
		{5f046aa0-4eb9-d28b-c243-21d8aafc1f44}.Debug|Any CPU.ActiveCfg = Debug|Any CPU
		{5f046aa0-4eb9-d28b-c243-21d8aafc1f44}.Debug|Any CPU.Build.0 = Debug|Any CPU
		{f9611ecc-5c67-e591-2e1a-0854daa34e5f}.Debug|Any CPU.ActiveCfg = Debug|Any CPU
		{f9611ecc-5c67-e591-2e1a-0854daa34e5f}.Debug|Any CPU.Build.0 = Debug|Any CPU
		{85f548f4-2910-c885-cc63-ef5007046ccc}.Debug|Any CPU.ActiveCfg = Debug|Any CPU
		{85f548f4-2910-c885-cc63-ef5007046ccc}.Debug|Any CPU.Build.0 = Debug|Any CPU
		{902bce3a-5bc3-fe5b-a40b-69b477ad26d7}.Debug|Any CPU.ActiveCfg = Debug|Any CPU
		{902bce3a-5bc3-fe5b-a40b-69b477ad26d7}.Debug|Any CPU.Build.0 = Debug|Any CPU
		{0503cdf1-3029-9b13-30e1-c2b30a93c2b3}.Debug|Any CPU.ActiveCfg = Debug|Any CPU
		{0503cdf1-3029-9b13-30e1-c2b30a93c2b3}.Debug|Any CPU.Build.0 = Debug|Any CPU
		{6fba28b7-4abb-b966-57a2-597cad6a31b0}.Debug|Any CPU.ActiveCfg = Debug|Any CPU
		{6fba28b7-4abb-b966-57a2-597cad6a31b0}.Debug|Any CPU.Build.0 = Debug|Any CPU
		{5979f15d-9bf4-44c6-f6a7-4e713f054eca}.Debug|Any CPU.ActiveCfg = Debug|Any CPU
		{5979f15d-9bf4-44c6-f6a7-4e713f054eca}.Debug|Any CPU.Build.0 = Debug|Any CPU
		{a78cfb9e-1ba5-f28a-bc95-460e508a8550}.Debug|Any CPU.ActiveCfg = Debug|Any CPU
		{a78cfb9e-1ba5-f28a-bc95-460e508a8550}.Debug|Any CPU.Build.0 = Debug|Any CPU
		{9229ba97-0960-6230-a8f1-244aab300374}.Debug|Any CPU.ActiveCfg = Debug|Any CPU
		{9229ba97-0960-6230-a8f1-244aab300374}.Debug|Any CPU.Build.0 = Debug|Any CPU
		{51a59266-e15a-2b4a-6934-1bd8e7121d7b}.Debug|Any CPU.ActiveCfg = Debug|Any CPU
		{51a59266-e15a-2b4a-6934-1bd8e7121d7b}.Debug|Any CPU.Build.0 = Debug|Any CPU
		{48c320b2-fdf2-5335-0172-76f060c23332}.Debug|Any CPU.ActiveCfg = Debug|Any CPU
		{48c320b2-fdf2-5335-0172-76f060c23332}.Debug|Any CPU.Build.0 = Debug|Any CPU
		{a069a167-c909-74ee-6ebb-eb6c74c58eb7}.Debug|Any CPU.ActiveCfg = Debug|Any CPU
		{a069a167-c909-74ee-6ebb-eb6c74c58eb7}.Debug|Any CPU.Build.0 = Debug|Any CPU
		{98e1ec6d-0bbb-f12e-1837-520ccc8b1aa8}.Debug|Any CPU.ActiveCfg = Debug|Any CPU
		{98e1ec6d-0bbb-f12e-1837-520ccc8b1aa8}.Debug|Any CPU.Build.0 = Debug|Any CPU
		{a1d1688a-e2eb-98e9-a370-98d8e67e8017}.Debug|Any CPU.ActiveCfg = Debug|Any CPU
		{a1d1688a-e2eb-98e9-a370-98d8e67e8017}.Debug|Any CPU.Build.0 = Debug|Any CPU
		{67e74b8c-45f8-1adc-aecf-34877aa97679}.Debug|Any CPU.ActiveCfg = Debug|Any CPU
		{67e74b8c-45f8-1adc-aecf-34877aa97679}.Debug|Any CPU.Build.0 = Debug|Any CPU
	EndGlobalSection
	GlobalSection(SolutionProperties) = preSolution
		HideSolutionNode = FALSE
	EndGlobalSection
EndGlobal
